
Microsoft Visual Studio Solution File, Format Version 12.00
# Visual Studio Version 16
VisualStudioVersion = 16.0.30523.141
MinimumVisualStudioVersion = 10.0.40219.1
Project("{FAE04EC0-301F-11D3-BF4B-00C04F79EFBC}") = "eShopSolution.WebApp", "eShopSolution.WebApp\eShopSolution.WebApp.csproj", "{B59DA9F8-72AB-419E-918A-BB612F7C4F4F}"
EndProject
Project("{2150E333-8FDC-42A3-9474-1A3956D46DE8}") = "Solution Item", "Solution Item", "{5C8EB6A5-ACCE-4924-8FFB-794F890C7EBF}"
	ProjectSection(SolutionItems) = preProject
		README.md = README.md
	EndProjectSection
EndProject
Project("{FAE04EC0-301F-11D3-BF4B-00C04F79EFBC}") = "eShopSolution.Data", "eShopSolution.Data\eShopSolution.Data.csproj", "{68B271D0-C0F2-4757-BFDC-393F24B39A42}"
EndProject
Project("{FAE04EC0-301F-11D3-BF4B-00C04F79EFBC}") = "eShopSolution.Application", "eShopSolution.Application\eShopSolution.Application.csproj", "{4F220596-D78F-41D2-891F-C6B545008103}"
EndProject
Global
	GlobalSection(SolutionConfigurationPlatforms) = preSolution
		Debug|Any CPU = Debug|Any CPU
		Release|Any CPU = Release|Any CPU
	EndGlobalSection
	GlobalSection(ProjectConfigurationPlatforms) = postSolution
		{B59DA9F8-72AB-419E-918A-BB612F7C4F4F}.Debug|Any CPU.ActiveCfg = Debug|Any CPU
		{B59DA9F8-72AB-419E-918A-BB612F7C4F4F}.Debug|Any CPU.Build.0 = Debug|Any CPU
		{B59DA9F8-72AB-419E-918A-BB612F7C4F4F}.Release|Any CPU.ActiveCfg = Release|Any CPU
		{B59DA9F8-72AB-419E-918A-BB612F7C4F4F}.Release|Any CPU.Build.0 = Release|Any CPU
		{68B271D0-C0F2-4757-BFDC-393F24B39A42}.Debug|Any CPU.ActiveCfg = Debug|Any CPU
		{68B271D0-C0F2-4757-BFDC-393F24B39A42}.Debug|Any CPU.Build.0 = Debug|Any CPU
		{68B271D0-C0F2-4757-BFDC-393F24B39A42}.Release|Any CPU.ActiveCfg = Release|Any CPU
		{68B271D0-C0F2-4757-BFDC-393F24B39A42}.Release|Any CPU.Build.0 = Release|Any CPU
		{4F220596-D78F-41D2-891F-C6B545008103}.Debug|Any CPU.ActiveCfg = Debug|Any CPU
		{4F220596-D78F-41D2-891F-C6B545008103}.Debug|Any CPU.Build.0 = Debug|Any CPU
		{4F220596-D78F-41D2-891F-C6B545008103}.Release|Any CPU.ActiveCfg = Release|Any CPU
		{4F220596-D78F-41D2-891F-C6B545008103}.Release|Any CPU.Build.0 = Release|Any CPU
	EndGlobalSection
	GlobalSection(SolutionProperties) = preSolution
		HideSolutionNode = FALSE
	EndGlobalSection
	GlobalSection(ExtensibilityGlobals) = postSolution
		SolutionGuid = {39B44D3C-7883-4D9C-A8FD-7E2A5FF7FA3D}
	EndGlobalSection
EndGlobal
